
Microsoft Visual Studio Solution File, Format Version 12.00
# Visual Studio Version 17
VisualStudioVersion = 17.14.37111.16 d17.14
MinimumVisualStudioVersion = 10.0.40219.1
Project("{FAE04EC0-301F-11D3-BF4B-00C04F79EFBC}") = "MeloStream", "MeloStream.csproj", "{8F10A88E-41C8-45D0-94F2-725E1F74C281}"
EndProject
Global
	GlobalSection(SolutionConfigurationPlatforms) = preSolution
		Debug|Any CPU = Debug|Any CPU
		Release|Any CPU = Release|Any CPU
	EndGlobalSection
	GlobalSection(ProjectConfigurationPlatforms) = postSolution
		{8F10A88E-41C8-45D0-94F2-725E1F74C281}.Debug|Any CPU.ActiveCfg = Debug|Any CPU
		{8F10A88E-41C8-45D0-94F2-725E1F74C281}.Debug|Any CPU.Build.0 = Debug|Any CPU
		{8F10A88E-41C8-45D0-94F2-725E1F74C281}.Release|Any CPU.ActiveCfg = Release|Any CPU
		{8F10A88E-41C8-45D0-94F2-725E1F74C281}.Release|Any CPU.Build.0 = Release|Any CPU
	EndGlobalSection
	GlobalSection(SolutionProperties) = preSolution
		HideSolutionNode = FALSE
	EndGlobalSection
	GlobalSection(ExtensibilityGlobals) = postSolution
		SolutionGuid = {7CBF8837-A918-4095-8397-7BC7408D2790}
	EndGlobalSection
EndGlobal
