
Microsoft Visual Studio Solution File, Format Version 12.00
# Visual Studio Version 17
VisualStudioVersion = 17.14.37111.16 d17.14
MinimumVisualStudioVersion = 10.0.40219.1
Project("{FAE04EC0-301F-11D3-BF4B-00C04F79EFBC}") = "MELOSTREAM", "MELOSTREAM.csproj", "{CA7A360E-C197-4B9B-83C4-2B36665939B6}"
EndProject
Global
	GlobalSection(SolutionConfigurationPlatforms) = preSolution
		Debug|Any CPU = Debug|Any CPU
		Release|Any CPU = Release|Any CPU
	EndGlobalSection
	GlobalSection(ProjectConfigurationPlatforms) = postSolution
		{CA7A360E-C197-4B9B-83C4-2B36665939B6}.Debug|Any CPU.ActiveCfg = Debug|Any CPU
		{CA7A360E-C197-4B9B-83C4-2B36665939B6}.Debug|Any CPU.Build.0 = Debug|Any CPU
		{CA7A360E-C197-4B9B-83C4-2B36665939B6}.Release|Any CPU.ActiveCfg = Release|Any CPU
		{CA7A360E-C197-4B9B-83C4-2B36665939B6}.Release|Any CPU.Build.0 = Release|Any CPU
	EndGlobalSection
	GlobalSection(SolutionProperties) = preSolution
		HideSolutionNode = FALSE
	EndGlobalSection
	GlobalSection(ExtensibilityGlobals) = postSolution
		SolutionGuid = {641EF266-75B1-4881-8FAF-E6326D33B0B4}
	EndGlobalSection
EndGlobal
